
Microsoft Visual Studio Solution File, Format Version 12.00
# Visual Studio Version 16
VisualStudioVersion = 16.0.29926.136
MinimumVisualStudioVersion = 10.0.40219.1
Project("{8BC9CEB8-8B4A-11D0-8D11-00A0C91BC942}") = "Assignment2", "Assignment2\Assignment2.vcxproj", "{9223AA70-7B56-4ED1-9C15-7BB99EC32324}"
EndProject
Global
	GlobalSection(SolutionConfigurationPlatforms) = preSolution
		Debug|x64 = Debug|x64
		Debug|x86 = Debug|x86
		Release|x64 = Release|x64
		Release|x86 = Release|x86
	EndGlobalSection
	GlobalSection(ProjectConfigurationPlatforms) = postSolution
		{9223AA70-7B56-4ED1-9C15-7BB99EC32324}.Debug|x64.ActiveCfg = Debug|x64
		{9223AA70-7B56-4ED1-9C15-7BB99EC32324}.Debug|x64.Build.0 = Debug|x64
		{9223AA70-7B56-4ED1-9C15-7BB99EC32324}.Debug|x86.ActiveCfg = Debug|Win32
		{9223AA70-7B56-4ED1-9C15-7BB99EC32324}.Debug|x86.Build.0 = Debug|Win32
		{9223AA70-7B56-4ED1-9C15-7BB99EC32324}.Release|x64.ActiveCfg = Release|x64
		{9223AA70-7B56-4ED1-9C15-7BB99EC32324}.Release|x64.Build.0 = Release|x64
		{9223AA70-7B56-4ED1-9C15-7BB99EC32324}.Release|x86.ActiveCfg = Release|Win32
		{9223AA70-7B56-4ED1-9C15-7BB99EC32324}.Release|x86.Build.0 = Release|Win32
	EndGlobalSection
	GlobalSection(SolutionProperties) = preSolution
		HideSolutionNode = FALSE
	EndGlobalSection
	GlobalSection(ExtensibilityGlobals) = postSolution
		SolutionGuid = {D518EEAF-EB60-42F7-B085-112048259EFE}
	EndGlobalSection
EndGlobal
